
Microsoft Visual Studio Solution File, Format Version 12.00
# Visual Studio Version 16
VisualStudioVersion = 16.0.30011.22
MinimumVisualStudioVersion = 10.0.40219.1
Project("{8BC9CEB8-8B4A-11D0-8D11-00A0C91BC942}") = "Assignment3", "Assignment3\Assignment3.vcxproj", "{9E0B5E15-775B-4C72-B329-F9F6E363A104}"
EndProject
Global
	GlobalSection(SolutionConfigurationPlatforms) = preSolution
		Debug|x64 = Debug|x64
		Debug|x86 = Debug|x86
		Release|x64 = Release|x64
		Release|x86 = Release|x86
	EndGlobalSection
	GlobalSection(ProjectConfigurationPlatforms) = postSolution
		{9E0B5E15-775B-4C72-B329-F9F6E363A104}.Debug|x64.ActiveCfg = Debug|x64
		{9E0B5E15-775B-4C72-B329-F9F6E363A104}.Debug|x64.Build.0 = Debug|x64
		{9E0B5E15-775B-4C72-B329-F9F6E363A104}.Debug|x86.ActiveCfg = Debug|Win32
		{9E0B5E15-775B-4C72-B329-F9F6E363A104}.Debug|x86.Build.0 = Debug|Win32
		{9E0B5E15-775B-4C72-B329-F9F6E363A104}.Release|x64.ActiveCfg = Release|x64
		{9E0B5E15-775B-4C72-B329-F9F6E363A104}.Release|x64.Build.0 = Release|x64
		{9E0B5E15-775B-4C72-B329-F9F6E363A104}.Release|x86.ActiveCfg = Release|Win32
		{9E0B5E15-775B-4C72-B329-F9F6E363A104}.Release|x86.Build.0 = Release|Win32
	EndGlobalSection
	GlobalSection(SolutionProperties) = preSolution
		HideSolutionNode = FALSE
	EndGlobalSection
	GlobalSection(ExtensibilityGlobals) = postSolution
		SolutionGuid = {8AC9E1A4-9D55-48F5-B336-4B8B8238069F}
	EndGlobalSection
EndGlobal
